
Microsoft Visual Studio Solution File, Format Version 12.00
# Visual Studio Version 16
VisualStudioVersion = 16.0.30011.22
MinimumVisualStudioVersion = 10.0.40219.1
Project("{FAE04EC0-301F-11D3-BF4B-00C04F79EFBC}") = "DenpendencyInjection", "DenpendencyInjection\DenpendencyInjection.csproj", "{59283EAB-BF6F-4CDB-ABA2-5F3CFEADD4C6}"
EndProject
Global
	GlobalSection(SolutionConfigurationPlatforms) = preSolution
		Debug|Any CPU = Debug|Any CPU
		Release|Any CPU = Release|Any CPU
	EndGlobalSection
	GlobalSection(ProjectConfigurationPlatforms) = postSolution
		{59283EAB-BF6F-4CDB-ABA2-5F3CFEADD4C6}.Debug|Any CPU.ActiveCfg = Debug|Any CPU
		{59283EAB-BF6F-4CDB-ABA2-5F3CFEADD4C6}.Debug|Any CPU.Build.0 = Debug|Any CPU
		{59283EAB-BF6F-4CDB-ABA2-5F3CFEADD4C6}.Release|Any CPU.ActiveCfg = Release|Any CPU
		{59283EAB-BF6F-4CDB-ABA2-5F3CFEADD4C6}.Release|Any CPU.Build.0 = Release|Any CPU
	EndGlobalSection
	GlobalSection(SolutionProperties) = preSolution
		HideSolutionNode = FALSE
	EndGlobalSection
	GlobalSection(ExtensibilityGlobals) = postSolution
		SolutionGuid = {EB99CA05-E631-4E88-9264-7D81563B61A2}
	EndGlobalSection
EndGlobal
